// !$*UTF8*$!
{
	archiveVersion = 1;
	classes = {
	};
	objectVersion = 56;
	objects = {

/* Begin PBXBuildFile section */
		B252725F2A4EB366004078EF /* AppDelegate.swift in Sources */ = {isa = PBXBuildFile; fileRef = B252725E2A4EB366004078EF /* AppDelegate.swift */; };
		B25272632A4EB366004078EF /* ViewController.swift in Sources */ = {isa = PBXBuildFile; fileRef = B25272622A4EB366004078EF /* ViewController.swift */; };
		B25272682A4EB369004078EF /* Assets.xcassets in Resources */ = {isa = PBXBuildFile; fileRef = B25272672A4EB369004078EF /* Assets.xcassets */; };
		B252726B2A4EB369004078EF /* LaunchScreen.storyboard in Resources */ = {isa = PBXBuildFile; fileRef = B25272692A4EB369004078EF /* LaunchScreen.storyboard */; };
		B252727B2A4EB584004078EF /* NetworkServices.swift in Sources */ = {isa = PBXBuildFile; fileRef = B252727A2A4EB584004078EF /* NetworkServices.swift */; };
		B252727D2A4EB5E5004078EF /* Element.swift in Sources */ = {isa = PBXBuildFile; fileRef = B252727C2A4EB5E5004078EF /* Element.swift */; };
		B25272802A4EBAE9004078EF /* SceneDelegate.swift in Sources */ = {isa = PBXBuildFile; fileRef = B252727F2A4EBAE9004078EF /* SceneDelegate.swift */; };
		B25C38A92A4F4B8F0084C0A8 /* Presenter.swift in Sources */ = {isa = PBXBuildFile; fileRef = B25C38A82A4F4B8F0084C0A8 /* Presenter.swift */; };
		B25C38AB2A4F515C0084C0A8 /* ElementCell.swift in Sources */ = {isa = PBXBuildFile; fileRef = B25C38AA2A4F515C0084C0A8 /* ElementCell.swift */; };
		B25C38AD2A4F5E620084C0A8 /* Builder.swift in Sources */ = {isa = PBXBuildFile; fileRef = B25C38AC2A4F5E620084C0A8 /* Builder.swift */; };
/* End PBXBuildFile section */

/* Begin PBXFileReference section */
		B252725B2A4EB366004078EF /* PhotoApp.app */ = {isa = PBXFileReference; explicitFileType = wrapper.application; includeInIndex = 0; path = PhotoApp.app; sourceTree = BUILT_PRODUCTS_DIR; };
		B252725E2A4EB366004078EF /* AppDelegate.swift */ = {isa = PBXFileReference; lastKnownFileType = sourcecode.swift; path = AppDelegate.swift; sourceTree = "<group>"; };
		B25272622A4EB366004078EF /* ViewController.swift */ = {isa = PBXFileReference; lastKnownFileType = sourcecode.swift; path = ViewController.swift; sourceTree = "<group>"; };
		B25272672A4EB369004078EF /* Assets.xcassets */ = {isa = PBXFileReference; lastKnownFileType = folder.assetcatalog; path = Assets.xcassets; sourceTree = "<group>"; };
		B252726A2A4EB369004078EF /* Base */ = {isa = PBXFileReference; lastKnownFileType = file.storyboard; name = Base; path = Base.lproj/LaunchScreen.storyboard; sourceTree = "<group>"; };
		B252726C2A4EB369004078EF /* Info.plist */ = {isa = PBXFileReference; lastKnownFileType = text.plist.xml; path = Info.plist; sourceTree = "<group>"; };
		B252727A2A4EB584004078EF /* NetworkServices.swift */ = {isa = PBXFileReference; lastKnownFileType = sourcecode.swift; path = NetworkServices.swift; sourceTree = "<group>"; };
		B252727C2A4EB5E5004078EF /* Element.swift */ = {isa = PBXFileReference; lastKnownFileType = sourcecode.swift; path = Element.swift; sourceTree = "<group>"; };
		B252727F2A4EBAE9004078EF /* SceneDelegate.swift */ = {isa = PBXFileReference; lastKnownFileType = sourcecode.swift; path = SceneDelegate.swift; sourceTree = "<group>"; };
		B25C38A82A4F4B8F0084C0A8 /* Presenter.swift */ = {isa = PBXFileReference; lastKnownFileType = sourcecode.swift; path = Presenter.swift; sourceTree = "<group>"; };
		B25C38AA2A4F515C0084C0A8 /* ElementCell.swift */ = {isa = PBXFileReference; lastKnownFileType = sourcecode.swift; path = ElementCell.swift; sourceTree = "<group>"; };
		B25C38AC2A4F5E620084C0A8 /* Builder.swift */ = {isa = PBXFileReference; lastKnownFileType = sourcecode.swift; path = Builder.swift; sourceTree = "<group>"; };
/* End PBXFileReference section */

/* Begin PBXFrameworksBuildPhase section */
		B25272582A4EB366004078EF /* Frameworks */ = {
			isa = PBXFrameworksBuildPhase;
			buildActionMask = 2147483647;
			files = (
			);
			runOnlyForDeploymentPostprocessing = 0;
		};
/* End PBXFrameworksBuildPhase section */

/* Begin PBXGroup section */
		B25272522A4EB366004078EF = {
			isa = PBXGroup;
			children = (
				B252725D2A4EB366004078EF /* PhotoApp */,
				B252725C2A4EB366004078EF /* Products */,
			);
			sourceTree = "<group>";
		};
		B252725C2A4EB366004078EF /* Products */ = {
			isa = PBXGroup;
			children = (
				B252725B2A4EB366004078EF /* PhotoApp.app */,
			);
			name = Products;
			sourceTree = "<group>";
		};
		B252725D2A4EB366004078EF /* PhotoApp */ = {
			isa = PBXGroup;
			children = (
				B25272722A4EB387004078EF /* Application */,
				B25272752A4EB3CB004078EF /* Model */,
				B25272772A4EB3E5004078EF /* NetworkServices */,
				B25272782A4EB4A7004078EF /* View */,
				B25272762A4EB3D4004078EF /* Presenter */,
				B25272792A4EB4B5004078EF /* SupportingFilles */,
			);
			path = PhotoApp;
			sourceTree = "<group>";
		};
		B25272722A4EB387004078EF /* Application */ = {
			isa = PBXGroup;
			children = (
				B252725E2A4EB366004078EF /* AppDelegate.swift */,
				B252727F2A4EBAE9004078EF /* SceneDelegate.swift */,
				B25C38AC2A4F5E620084C0A8 /* Builder.swift */,
			);
			path = Application;
			sourceTree = "<group>";
		};
		B25272752A4EB3CB004078EF /* Model */ = {
			isa = PBXGroup;
			children = (
				B252727C2A4EB5E5004078EF /* Element.swift */,
			);
			path = Model;
			sourceTree = "<group>";
		};
		B25272762A4EB3D4004078EF /* Presenter */ = {
			isa = PBXGroup;
			children = (
				B25C38A82A4F4B8F0084C0A8 /* Presenter.swift */,
			);
			path = Presenter;
			sourceTree = "<group>";
		};
		B25272772A4EB3E5004078EF /* NetworkServices */ = {
			isa = PBXGroup;
			children = (
				B252727A2A4EB584004078EF /* NetworkServices.swift */,
			);
			path = NetworkServices;
			sourceTree = "<group>";
		};
		B25272782A4EB4A7004078EF /* View */ = {
			isa = PBXGroup;
			children = (
				B25272622A4EB366004078EF /* ViewController.swift */,
				B25C38AA2A4F515C0084C0A8 /* ElementCell.swift */,
			);
			path = View;
			sourceTree = "<group>";
		};
		B25272792A4EB4B5004078EF /* SupportingFilles */ = {
			isa = PBXGroup;
			children = (
				B25272672A4EB369004078EF /* Assets.xcassets */,
				B25272692A4EB369004078EF /* LaunchScreen.storyboard */,
				B252726C2A4EB369004078EF /* Info.plist */,
			);
			path = SupportingFilles;
			sourceTree = "<group>";
		};
/* End PBXGroup section */

/* Begin PBXNativeTarget section */
		B252725A2A4EB366004078EF /* PhotoApp */ = {
			isa = PBXNativeTarget;
			buildConfigurationList = B252726F2A4EB369004078EF /* Build configuration list for PBXNativeTarget "PhotoApp" */;
			buildPhases = (
				B25272572A4EB366004078EF /* Sources */,
				B25272582A4EB366004078EF /* Frameworks */,
				B25272592A4EB366004078EF /* Resources */,
			);
			buildRules = (
			);
			dependencies = (
			);
			name = PhotoApp;
			productName = PhotoApp;
			productReference = B252725B2A4EB366004078EF /* PhotoApp.app */;
			productType = "com.apple.product-type.application";
		};
/* End PBXNativeTarget section */

/* Begin PBXProject section */
		B25272532A4EB366004078EF /* Project object */ = {
			isa = PBXProject;
			attributes = {
				BuildIndependentTargetsInParallel = 1;
				LastSwiftUpdateCheck = 1430;
				LastUpgradeCheck = 1430;
				TargetAttributes = {
					B252725A2A4EB366004078EF = {
						CreatedOnToolsVersion = 14.3.1;
					};
				};
			};
			buildConfigurationList = B25272562A4EB366004078EF /* Build configuration list for PBXProject "PhotoApp" */;
			compatibilityVersion = "Xcode 14.0";
			developmentRegion = en;
			hasScannedForEncodings = 0;
			knownRegions = (
				en,
				Base,
			);
			mainGroup = B25272522A4EB366004078EF;
			productRefGroup = B252725C2A4EB366004078EF /* Products */;
			projectDirPath = "";
			projectRoot = "";
			targets = (
				B252725A2A4EB366004078EF /* PhotoApp */,
			);
		};
/* End PBXProject section */

/* Begin PBXResourcesBuildPhase section */
		B25272592A4EB366004078EF /* Resources */ = {
			isa = PBXResourcesBuildPhase;
			buildActionMask = 2147483647;
			files = (
				B252726B2A4EB369004078EF /* LaunchScreen.storyboard in Resources */,
				B25272682A4EB369004078EF /* Assets.xcassets in Resources */,
			);
			runOnlyForDeploymentPostprocessing = 0;
		};
/* End PBXResourcesBuildPhase section */

/* Begin PBXSourcesBuildPhase section */
		B25272572A4EB366004078EF /* Sources */ = {
			isa = PBXSourcesBuildPhase;
			buildActionMask = 2147483647;
			files = (
				B25C38AB2A4F515C0084C0A8 /* ElementCell.swift in Sources */,
				B25272802A4EBAE9004078EF /* SceneDelegate.swift in Sources */,
				B25272632A4EB366004078EF /* ViewController.swift in Sources */,
				B252725F2A4EB366004078EF /* AppDelegate.swift in Sources */,
				B252727B2A4EB584004078EF /* NetworkServices.swift in Sources */,
				B252727D2A4EB5E5004078EF /* Element.swift in Sources */,
				B25C38A92A4F4B8F0084C0A8 /* Presenter.swift in Sources */,
				B25C38AD2A4F5E620084C0A8 /* Builder.swift in Sources */,
			);
			runOnlyForDeploymentPostprocessing = 0;
		};
/* End PBXSourcesBuildPhase section */

/* Begin PBXVariantGroup section */
		B25272692A4EB369004078EF /* LaunchScreen.storyboard */ = {
			isa = PBXVariantGroup;
			children = (
				B252726A2A4EB369004078EF /* Base */,
			);
			name = LaunchScreen.storyboard;
			sourceTree = "<group>";
		};
/* End PBXVariantGroup section */

/* Begin XCBuildConfiguration section */
		B252726D2A4EB369004078EF /* Debug */ = {
			isa = XCBuildConfiguration;
			buildSettings = {
				ALWAYS_SEARCH_USER_PATHS = NO;
				CLANG_ANALYZER_NONNULL = YES;
				CLANG_ANALYZER_NUMBER_OBJECT_CONVERSION = YES_AGGRESSIVE;
				CLANG_CXX_LANGUAGE_STANDARD = "gnu++20";
				CLANG_ENABLE_MODULES = YES;
				CLANG_ENABLE_OBJC_ARC = YES;
				CLANG_ENABLE_OBJC_WEAK = YES;
				CLANG_WARN_BLOCK_CAPTURE_AUTORELEASING = YES;
				CLANG_WARN_BOOL_CONVERSION = YES;
				CLANG_WARN_COMMA = YES;
				CLANG_WARN_CONSTANT_CONVERSION = YES;
				CLANG_WARN_DEPRECATED_OBJC_IMPLEMENTATIONS = YES;
				CLANG_WARN_DIRECT_OBJC_ISA_USAGE = YES_ERROR;
				CLANG_WARN_DOCUMENTATION_COMMENTS = YES;
				CLANG_WARN_EMPTY_BODY = YES;
				CLANG_WARN_ENUM_CONVERSION = YES;
				CLANG_WARN_INFINITE_RECURSION = YES;
				CLANG_WARN_INT_CONVERSION = YES;
				CLANG_WARN_NON_LITERAL_NULL_CONVERSION = YES;
				CLANG_WARN_OBJC_IMPLICIT_RETAIN_SELF = YES;
				CLANG_WARN_OBJC_LITERAL_CONVERSION = YES;
				CLANG_WARN_OBJC_ROOT_CLASS = YES_ERROR;
				CLANG_WARN_QUOTED_INCLUDE_IN_FRAMEWORK_HEADER = YES;
				CLANG_WARN_RANGE_LOOP_ANALYSIS = YES;
				CLANG_WARN_STRICT_PROTOTYPES = YES;
				CLANG_WARN_SUSPICIOUS_MOVE = YES;
				CLANG_WARN_UNGUARDED_AVAILABILITY = YES_AGGRESSIVE;
				CLANG_WARN_UNREACHABLE_CODE = YES;
				CLANG_WARN__DUPLICATE_METHOD_MATCH = YES;
				COPY_PHASE_STRIP = NO;
				DEBUG_INFORMATION_FORMAT = dwarf;
				ENABLE_STRICT_OBJC_MSGSEND = YES;
				ENABLE_TESTABILITY = YES;
				GCC_C_LANGUAGE_STANDARD = gnu11;
				GCC_DYNAMIC_NO_PIC = NO;
				GCC_NO_COMMON_BLOCKS = YES;
				GCC_OPTIMIZATION_LEVEL = 0;
				GCC_PREPROCESSOR_DEFINITIONS = (
					"DEBUG=1",
					"$(inherited)",
				);
				GCC_WARN_64_TO_32_BIT_CONVERSION = YES;
				GCC_WARN_ABOUT_RETURN_TYPE = YES_ERROR;
				GCC_WARN_UNDECLARED_SELECTOR = YES;
				GCC_WARN_UNINITIALIZED_AUTOS = YES_AGGRESSIVE;
				GCC_WARN_UNUSED_FUNCTION = YES;
				GCC_WARN_UNUSED_VARIABLE = YES;
				IPHONEOS_DEPLOYMENT_TARGET = 16.0;
				MTL_ENABLE_DEBUG_INFO = INCLUDE_SOURCE;
				MTL_FAST_MATH = YES;
				ONLY_ACTIVE_ARCH = YES;
				SDKROOT = iphoneos;
				SWIFT_ACTIVE_COMPILATION_CONDITIONS = DEBUG;
				SWIFT_OPTIMIZATION_LEVEL = "-Onone";
			};
			name = Debug;
		};
		B252726E2A4EB369004078EF /* Release */ = {
			isa = XCBuildConfiguration;
			buildSettings = {
				ALWAYS_SEARCH_USER_PATHS = NO;
				CLANG_ANALYZER_NONNULL = YES;
				CLANG_ANALYZER_NUMBER_OBJECT_CONVERSION = YES_AGGRESSIVE;
				CLANG_CXX_LANGUAGE_STANDARD = "gnu++20";
				CLANG_ENABLE_MODULES = YES;
				CLANG_ENABLE_OBJC_ARC = YES;
				CLANG_ENABLE_OBJC_WEAK = YES;
				CLANG_WARN_BLOCK_CAPTURE_AUTORELEASING = YES;
				CLANG_WARN_BOOL_CONVERSION = YES;
				CLANG_WARN_COMMA = YES;
				CLANG_WARN_CONSTANT_CONVERSION = YES;
				CLANG_WARN_DEPRECATED_OBJC_IMPLEMENTATIONS = YES;
				CLANG_WARN_DIRECT_OBJC_ISA_USAGE = YES_ERROR;
				CLANG_WARN_DOCUMENTATION_COMMENTS = YES;
				CLANG_WARN_EMPTY_BODY = YES;
				CLANG_WARN_ENUM_CONVERSION = YES;
				CLANG_WARN_INFINITE_RECURSION = YES;
				CLANG_WARN_INT_CONVERSION = YES;
				CLANG_WARN_NON_LITERAL_NULL_CONVERSION = YES;
				CLANG_WARN_OBJC_IMPLICIT_RETAIN_SELF = YES;
				CLANG_WARN_OBJC_LITERAL_CONVERSION = YES;
				CLANG_WARN_OBJC_ROOT_CLASS = YES_ERROR;
				CLANG_WARN_QUOTED_INCLUDE_IN_FRAMEWORK_HEADER = YES;
				CLANG_WARN_RANGE_LOOP_ANALYSIS = YES;
				CLANG_WARN_STRICT_PROTOTYPES = YES;
				CLANG_WARN_SUSPICIOUS_MOVE = YES;
				CLANG_WARN_UNGUARDED_AVAILABILITY = YES_AGGRESSIVE;
				CLANG_WARN_UNREACHABLE_CODE = YES;
				CLANG_WARN__DUPLICATE_METHOD_MATCH = YES;
				COPY_PHASE_STRIP = NO;
				DEBUG_INFORMATION_FORMAT = "dwarf-with-dsym";
				ENABLE_NS_ASSERTIONS = NO;
				ENABLE_STRICT_OBJC_MSGSEND = YES;
				GCC_C_LANGUAGE_STANDARD = gnu11;
				GCC_NO_COMMON_BLOCKS = YES;
				GCC_WARN_64_TO_32_BIT_CONVERSION = YES;
				GCC_WARN_ABOUT_RETURN_TYPE = YES_ERROR;
				GCC_WARN_UNDECLARED_SELECTOR = YES;
				GCC_WARN_UNINITIALIZED_AUTOS = YES_AGGRESSIVE;
				GCC_WARN_UNUSED_FUNCTION = YES;
				GCC_WARN_UNUSED_VARIABLE = YES;
				IPHONEOS_DEPLOYMENT_TARGET = 16.0;
				MTL_ENABLE_DEBUG_INFO = NO;
				MTL_FAST_MATH = YES;
				SDKROOT = iphoneos;
				SWIFT_COMPILATION_MODE = wholemodule;
				SWIFT_OPTIMIZATION_LEVEL = "-O";
				VALIDATE_PRODUCT = YES;
			};
			name = Release;
		};
		B25272702A4EB369004078EF /* Debug */ = {
			isa = XCBuildConfiguration;
			buildSettings = {
				ASSETCATALOG_COMPILER_APPICON_NAME = AppIcon;
				ASSETCATALOG_COMPILER_GLOBAL_ACCENT_COLOR_NAME = AccentColor;
				CODE_SIGN_STYLE = Automatic;
				CURRENT_PROJECT_VERSION = 1;
				DEVELOPMENT_TEAM = LUQ926BAHR;
				GENERATE_INFOPLIST_FILE = YES;
				INFOPLIST_FILE = PhotoApp/SupportingFilles/Info.plist;
				INFOPLIST_KEY_NSCameraUsageDescription = "Please allow access to take a picture";
				INFOPLIST_KEY_UIApplicationSupportsIndirectInputEvents = YES;
				INFOPLIST_KEY_UILaunchStoryboardName = LaunchScreen;
				INFOPLIST_KEY_UISupportedInterfaceOrientations_iPad = "UIInterfaceOrientationPortrait UIInterfaceOrientationPortraitUpsideDown UIInterfaceOrientationLandscapeLeft UIInterfaceOrientationLandscapeRight";
				INFOPLIST_KEY_UISupportedInterfaceOrientations_iPhone = "UIInterfaceOrientationPortrait UIInterfaceOrientationLandscapeLeft UIInterfaceOrientationLandscapeRight";
				IPHONEOS_DEPLOYMENT_TARGET = 16.0;
				LD_RUNPATH_SEARCH_PATHS = (
					"$(inherited)",
					"@executable_path/Frameworks",
				);
				MARKETING_VERSION = 1.0;
				PRODUCT_BUNDLE_IDENTIFIER = vladShima.PhotoApp;
				PRODUCT_NAME = "$(TARGET_NAME)";
				SWIFT_EMIT_LOC_STRINGS = YES;
				SWIFT_VERSION = 5.0;
				TARGETED_DEVICE_FAMILY = "1,2";
			};
			name = Debug;
		};
		B25272712A4EB369004078EF /* Release */ = {
			isa = XCBuildConfiguration;
			buildSettings = {
				ASSETCATALOG_COMPILER_APPICON_NAME = AppIcon;
				ASSETCATALOG_COMPILER_GLOBAL_ACCENT_COLOR_NAME = AccentColor;
				CODE_SIGN_STYLE = Automatic;
				CURRENT_PROJECT_VERSION = 1;
				DEVELOPMENT_TEAM = LUQ926BAHR;
				GENERATE_INFOPLIST_FILE = YES;
				INFOPLIST_FILE = PhotoApp/SupportingFilles/Info.plist;
				INFOPLIST_KEY_NSCameraUsageDescription = "Please allow access to take a picture";
				INFOPLIST_KEY_UIApplicationSupportsIndirectInputEvents = YES;
				INFOPLIST_KEY_UILaunchStoryboardName = LaunchScreen;
				INFOPLIST_KEY_UISupportedInterfaceOrientations_iPad = "UIInterfaceOrientationPortrait UIInterfaceOrientationPortraitUpsideDown UIInterfaceOrientationLandscapeLeft UIInterfaceOrientationLandscapeRight";
				INFOPLIST_KEY_UISupportedInterfaceOrientations_iPhone = "UIInterfaceOrientationPortrait UIInterfaceOrientationLandscapeLeft UIInterfaceOrientationLandscapeRight";
				IPHONEOS_DEPLOYMENT_TARGET = 16.0;
				LD_RUNPATH_SEARCH_PATHS = (
					"$(inherited)",
					"@executable_path/Frameworks",
				);
				MARKETING_VERSION = 1.0;
				PRODUCT_BUNDLE_IDENTIFIER = vladShima.PhotoApp;
				PRODUCT_NAME = "$(TARGET_NAME)";
				SWIFT_EMIT_LOC_STRINGS = YES;
				SWIFT_VERSION = 5.0;
				TARGETED_DEVICE_FAMILY = "1,2";
			};
			name = Release;
		};
/* End XCBuildConfiguration section */

/* Begin XCConfigurationList section */
		B25272562A4EB366004078EF /* Build configuration list for PBXProject "PhotoApp" */ = {
			isa = XCConfigurationList;
			buildConfigurations = (
				B252726D2A4EB369004078EF /* Debug */,
				B252726E2A4EB369004078EF /* Release */,
			);
			defaultConfigurationIsVisible = 0;
			defaultConfigurationName = Release;
		};
		B252726F2A4EB369004078EF /* Build configuration list for PBXNativeTarget "PhotoApp" */ = {
			isa = XCConfigurationList;
			buildConfigurations = (
				B25272702A4EB369004078EF /* Debug */,
				B25272712A4EB369004078EF /* Release */,
			);
			defaultConfigurationIsVisible = 0;
			defaultConfigurationName = Release;
		};
/* End XCConfigurationList section */
	};
	rootObject = B25272532A4EB366004078EF /* Project object */;
}
